
Microsoft Visual Studio Solution File, Format Version 12.00
# Visual Studio Version 17
VisualStudioVersion = 17.2.32516.85
MinimumVisualStudioVersion = 10.0.40219.1
Project("{FAE04EC0-301F-11D3-BF4B-00C04F79EFBC}") = "BindableProperties.Android", "BindableProperties\BindableProperties.Android\BindableProperties.Android.csproj", "{1BDF9F91-8C86-4C24-88D6-EF6F1C135288}"
EndProject
Project("{FAE04EC0-301F-11D3-BF4B-00C04F79EFBC}") = "BindableProperties", "BindableProperties\BindableProperties\BindableProperties.csproj", "{62B46F99-27E6-4216-9615-8A7F391302BB}"
EndProject
Global
	GlobalSection(SolutionConfigurationPlatforms) = preSolution
		Debug|Any CPU = Debug|Any CPU
		Release|Any CPU = Release|Any CPU
	EndGlobalSection
	GlobalSection(ProjectConfigurationPlatforms) = postSolution
		{1BDF9F91-8C86-4C24-88D6-EF6F1C135288}.Debug|Any CPU.ActiveCfg = Debug|Any CPU
		{1BDF9F91-8C86-4C24-88D6-EF6F1C135288}.Debug|Any CPU.Build.0 = Debug|Any CPU
		{1BDF9F91-8C86-4C24-88D6-EF6F1C135288}.Debug|Any CPU.Deploy.0 = Debug|Any CPU
		{1BDF9F91-8C86-4C24-88D6-EF6F1C135288}.Release|Any CPU.ActiveCfg = Release|Any CPU
		{1BDF9F91-8C86-4C24-88D6-EF6F1C135288}.Release|Any CPU.Build.0 = Release|Any CPU
		{1BDF9F91-8C86-4C24-88D6-EF6F1C135288}.Release|Any CPU.Deploy.0 = Release|Any CPU
		{62B46F99-27E6-4216-9615-8A7F391302BB}.Debug|Any CPU.ActiveCfg = Debug|Any CPU
		{62B46F99-27E6-4216-9615-8A7F391302BB}.Debug|Any CPU.Build.0 = Debug|Any CPU
		{62B46F99-27E6-4216-9615-8A7F391302BB}.Debug|Any CPU.Deploy.0 = Debug|Any CPU
		{62B46F99-27E6-4216-9615-8A7F391302BB}.Release|Any CPU.ActiveCfg = Release|Any CPU
		{62B46F99-27E6-4216-9615-8A7F391302BB}.Release|Any CPU.Build.0 = Release|Any CPU
		{62B46F99-27E6-4216-9615-8A7F391302BB}.Release|Any CPU.Deploy.0 = Release|Any CPU
	EndGlobalSection
	GlobalSection(SolutionProperties) = preSolution
		HideSolutionNode = FALSE
	EndGlobalSection
	GlobalSection(ExtensibilityGlobals) = postSolution
		SolutionGuid = {870937B0-B42F-431B-8153-A912D873B064}
	EndGlobalSection
EndGlobal
